
Microsoft Visual Studio Solution File, Format Version 12.00
# Visual Studio Version 17
VisualStudioVersion = 17.9.34728.123
MinimumVisualStudioVersion = 10.0.40219.1
Project("{FAE04EC0-301F-11D3-BF4B-00C04F79EFBC}") = "Dolgozat_10_18_02_feladat", "Dolgozat_10_18_02_feladat.csproj", "{B0794E73-BEE7-4670-939A-B75DD89AD9BA}"
EndProject
Global
	GlobalSection(SolutionConfigurationPlatforms) = preSolution
		Debug|Any CPU = Debug|Any CPU
		Release|Any CPU = Release|Any CPU
	EndGlobalSection
	GlobalSection(ProjectConfigurationPlatforms) = postSolution
		{B0794E73-BEE7-4670-939A-B75DD89AD9BA}.Debug|Any CPU.ActiveCfg = Debug|Any CPU
		{B0794E73-BEE7-4670-939A-B75DD89AD9BA}.Debug|Any CPU.Build.0 = Debug|Any CPU
		{B0794E73-BEE7-4670-939A-B75DD89AD9BA}.Release|Any CPU.ActiveCfg = Release|Any CPU
		{B0794E73-BEE7-4670-939A-B75DD89AD9BA}.Release|Any CPU.Build.0 = Release|Any CPU
	EndGlobalSection
	GlobalSection(SolutionProperties) = preSolution
		HideSolutionNode = FALSE
	EndGlobalSection
	GlobalSection(ExtensibilityGlobals) = postSolution
		SolutionGuid = {0FE72C33-64B6-4D3D-854F-AC0BF908E2C9}
	EndGlobalSection
EndGlobal
